
Microsoft Visual Studio Solution File, Format Version 12.00
# Visual Studio 15
VisualStudioVersion = 15.0.27004.2009
MinimumVisualStudioVersion = 10.0.40219.1
Project("{FAE04EC0-301F-11D3-BF4B-00C04F79EFBC}") = "NamiKot-BackOffice", "NamiKot-BackOffice\NamiKot-BackOffice.csproj", "{E7964A4E-89D0-434C-9BDA-732F0E1E2404}"
EndProject
Global
	GlobalSection(SolutionConfigurationPlatforms) = preSolution
		Debug|ARM = Debug|ARM
		Debug|x64 = Debug|x64
		Debug|x86 = Debug|x86
		Release|ARM = Release|ARM
		Release|x64 = Release|x64
		Release|x86 = Release|x86
	EndGlobalSection
	GlobalSection(ProjectConfigurationPlatforms) = postSolution
		{E7964A4E-89D0-434C-9BDA-732F0E1E2404}.Debug|ARM.ActiveCfg = Debug|ARM
		{E7964A4E-89D0-434C-9BDA-732F0E1E2404}.Debug|ARM.Build.0 = Debug|ARM
		{E7964A4E-89D0-434C-9BDA-732F0E1E2404}.Debug|ARM.Deploy.0 = Debug|ARM
		{E7964A4E-89D0-434C-9BDA-732F0E1E2404}.Debug|x64.ActiveCfg = Debug|x64
		{E7964A4E-89D0-434C-9BDA-732F0E1E2404}.Debug|x64.Build.0 = Debug|x64
		{E7964A4E-89D0-434C-9BDA-732F0E1E2404}.Debug|x64.Deploy.0 = Debug|x64
		{E7964A4E-89D0-434C-9BDA-732F0E1E2404}.Debug|x86.ActiveCfg = Debug|x86
		{E7964A4E-89D0-434C-9BDA-732F0E1E2404}.Debug|x86.Build.0 = Debug|x86
		{E7964A4E-89D0-434C-9BDA-732F0E1E2404}.Debug|x86.Deploy.0 = Debug|x86
		{E7964A4E-89D0-434C-9BDA-732F0E1E2404}.Release|ARM.ActiveCfg = Release|ARM
		{E7964A4E-89D0-434C-9BDA-732F0E1E2404}.Release|ARM.Build.0 = Release|ARM
		{E7964A4E-89D0-434C-9BDA-732F0E1E2404}.Release|ARM.Deploy.0 = Release|ARM
		{E7964A4E-89D0-434C-9BDA-732F0E1E2404}.Release|x64.ActiveCfg = Release|x64
		{E7964A4E-89D0-434C-9BDA-732F0E1E2404}.Release|x64.Build.0 = Release|x64
		{E7964A4E-89D0-434C-9BDA-732F0E1E2404}.Release|x64.Deploy.0 = Release|x64
		{E7964A4E-89D0-434C-9BDA-732F0E1E2404}.Release|x86.ActiveCfg = Release|x86
		{E7964A4E-89D0-434C-9BDA-732F0E1E2404}.Release|x86.Build.0 = Release|x86
		{E7964A4E-89D0-434C-9BDA-732F0E1E2404}.Release|x86.Deploy.0 = Release|x86
	EndGlobalSection
	GlobalSection(SolutionProperties) = preSolution
		HideSolutionNode = FALSE
	EndGlobalSection
	GlobalSection(ExtensibilityGlobals) = postSolution
		SolutionGuid = {2DA517C3-CF86-4E88-A120-0D8180E3ECAE}
	EndGlobalSection
EndGlobal
